
Microsoft Visual Studio Solution File, Format Version 12.00
# Visual Studio 15
VisualStudioVersion = 15.0.28307.168
MinimumVisualStudioVersion = 10.0.40219.1
Project("{FAE04EC0-301F-11D3-BF4B-00C04F79EFBC}") = "EF-Test1", "EF-Test1\EF-Test1.csproj", "{41DEBA06-E44D-4540-ACA8-7EBC9A5C65A4}"
EndProject
Global
	GlobalSection(SolutionConfigurationPlatforms) = preSolution
		Debug|Any CPU = Debug|Any CPU
		Release|Any CPU = Release|Any CPU
	EndGlobalSection
	GlobalSection(ProjectConfigurationPlatforms) = postSolution
		{41DEBA06-E44D-4540-ACA8-7EBC9A5C65A4}.Debug|Any CPU.ActiveCfg = Debug|Any CPU
		{41DEBA06-E44D-4540-ACA8-7EBC9A5C65A4}.Debug|Any CPU.Build.0 = Debug|Any CPU
		{41DEBA06-E44D-4540-ACA8-7EBC9A5C65A4}.Release|Any CPU.ActiveCfg = Release|Any CPU
		{41DEBA06-E44D-4540-ACA8-7EBC9A5C65A4}.Release|Any CPU.Build.0 = Release|Any CPU
	EndGlobalSection
	GlobalSection(SolutionProperties) = preSolution
		HideSolutionNode = FALSE
	EndGlobalSection
	GlobalSection(ExtensibilityGlobals) = postSolution
		SolutionGuid = {E765812A-7C1F-4636-A24B-A99EA112CE38}
	EndGlobalSection
EndGlobal
